
Microsoft Visual Studio Solution File, Format Version 12.00
# Visual Studio Version 17
VisualStudioVersion = 17.10.35027.167
MinimumVisualStudioVersion = 10.0.40219.1
Project("{FAE04EC0-301F-11D3-BF4B-00C04F79EFBC}") = "TodoList Maui", "TodoList Maui\TodoList Maui.csproj", "{4AD99550-536E-4EF4-9F64-789A9632E0DA}"
EndProject
Global
	GlobalSection(SolutionConfigurationPlatforms) = preSolution
		Debug|Any CPU = Debug|Any CPU
		Release|Any CPU = Release|Any CPU
	EndGlobalSection
	GlobalSection(ProjectConfigurationPlatforms) = postSolution
		{4AD99550-536E-4EF4-9F64-789A9632E0DA}.Debug|Any CPU.ActiveCfg = Debug|Any CPU
		{4AD99550-536E-4EF4-9F64-789A9632E0DA}.Debug|Any CPU.Build.0 = Debug|Any CPU
		{4AD99550-536E-4EF4-9F64-789A9632E0DA}.Debug|Any CPU.Deploy.0 = Debug|Any CPU
		{4AD99550-536E-4EF4-9F64-789A9632E0DA}.Release|Any CPU.ActiveCfg = Release|Any CPU
		{4AD99550-536E-4EF4-9F64-789A9632E0DA}.Release|Any CPU.Build.0 = Release|Any CPU
		{4AD99550-536E-4EF4-9F64-789A9632E0DA}.Release|Any CPU.Deploy.0 = Release|Any CPU
	EndGlobalSection
	GlobalSection(SolutionProperties) = preSolution
		HideSolutionNode = FALSE
	EndGlobalSection
	GlobalSection(ExtensibilityGlobals) = postSolution
		SolutionGuid = {9003FBF9-0DB4-482C-BFBE-EDB93D110297}
	EndGlobalSection
EndGlobal
